<?xml version="1.0" encoding="UTF-8" standalone="yes" ?>
<CodeBlocks_project_file>
	<FileVersion major="1" minor="6" />
	<Project>
		<Option title="cvfs" />
		<Option pch_mode="2" />
		<Option compiler="gcc" />
		<Build>
			<Target title="Debug">
				<Option output="bin/Debug/cvfs" prefix_auto="1" extension_auto="1" />
				<Option object_output="obj/Debug/" />
				<Option type="1" />
				<Option compiler="gcc" />
				<Compiler>
					<Add option="-g" />
				</Compiler>
			</Target>
			<Target title="Release">
				<Option output="bin/Release/cvfs" prefix_auto="1" extension_auto="1" />
				<Option object_output="obj/Release/" />
				<Option type="1" />
				<Option compiler="gcc" />
				<Compiler>
					<Add option="-O2" />
				</Compiler>
				<Linker>
					<Add option="-s" />
				</Linker>
			</Target>
		</Build>
		<Compiler>
			<Add option="-Wall" />
		</Compiler>
		<Unit filename="access.c">
			<Option compilerVar="CC" />
		</Unit>
		<Unit filename="ballfre.c">
			<Option compilerVar="CC" />
		</Unit>
		<Unit filename="close.c">
			<Option compilerVar="CC" />
		</Unit>
		<Unit filename="creat.c">
			<Option compilerVar="CC" />
		</Unit>
		<Unit filename="delete.c">
			<Option compilerVar="CC" />
		</Unit>
		<Unit filename="dir.c">
			<Option compilerVar="CC" />
		</Unit>
		<Unit filename="filesys.h" />
		<Unit filename="format.c">
			<Option compilerVar="CC" />
		</Unit>
		<Unit filename="halt.c">
			<Option compilerVar="CC" />
		</Unit>
		<Unit filename="iallfre.c">
			<Option compilerVar="CC" />
		</Unit>
		<Unit filename="install.c">
			<Option compilerVar="CC" />
		</Unit>
		<Unit filename="log.c">
			<Option compilerVar="CC" />
		</Unit>
		<Unit filename="main.c">
			<Option compilerVar="CC" />
		</Unit>
		<Unit filename="name.c">
			<Option compilerVar="CC" />
		</Unit>
		<Unit filename="open.c">
			<Option compilerVar="CC" />
		</Unit>
		<Unit filename="rdwt.c">
			<Option compilerVar="CC" />
		</Unit>
		<Extensions>
			<code_completion />
			<envvars />
			<debugger />
			<lib_finder disable_auto="1" />
		</Extensions>
	</Project>
</CodeBlocks_project_file>
